
Microsoft Visual Studio Solution File, Format Version 12.00
# Visual Studio 15
VisualStudioVersion = 15.0.26730.15
MinimumVisualStudioVersion = 10.0.40219.1
Project("{8BC9CEB8-8B4A-11D0-8D11-00A0C91BC942}") = "UnitTest1", "UnitTest1\UnitTest1.vcxproj", "{D971FB41-FE88-4B17-B41D-FD5986FFF660}"
EndProject
Global
	GlobalSection(SolutionConfigurationPlatforms) = preSolution
		Debug|x64 = Debug|x64
		Debug|x86 = Debug|x86
		Release|x64 = Release|x64
		Release|x86 = Release|x86
	EndGlobalSection
	GlobalSection(ProjectConfigurationPlatforms) = postSolution
		{D971FB41-FE88-4B17-B41D-FD5986FFF660}.Debug|x64.ActiveCfg = Debug|x64
		{D971FB41-FE88-4B17-B41D-FD5986FFF660}.Debug|x64.Build.0 = Debug|x64
		{D971FB41-FE88-4B17-B41D-FD5986FFF660}.Debug|x86.ActiveCfg = Debug|Win32
		{D971FB41-FE88-4B17-B41D-FD5986FFF660}.Debug|x86.Build.0 = Debug|Win32
		{D971FB41-FE88-4B17-B41D-FD5986FFF660}.Release|x64.ActiveCfg = Release|x64
		{D971FB41-FE88-4B17-B41D-FD5986FFF660}.Release|x64.Build.0 = Release|x64
		{D971FB41-FE88-4B17-B41D-FD5986FFF660}.Release|x86.ActiveCfg = Release|Win32
		{D971FB41-FE88-4B17-B41D-FD5986FFF660}.Release|x86.Build.0 = Release|Win32
	EndGlobalSection
	GlobalSection(SolutionProperties) = preSolution
		HideSolutionNode = FALSE
	EndGlobalSection
	GlobalSection(ExtensibilityGlobals) = postSolution
		SolutionGuid = {F63FB27A-3E66-4DD5-9E8F-52DBBE44D806}
	EndGlobalSection
EndGlobal
